
Microsoft Visual Studio Solution File, Format Version 12.00
# Visual Studio 2012
Project("{8BC9CEB8-8B4A-11D0-8D11-00A0C91BC942}") = "MFE", "MFE\MFE.vcxproj", "{F919531E-054A-4A97-8C4B-EC14E26F62EF}"
EndProject
Global
	GlobalSection(SolutionConfigurationPlatforms) = preSolution
		Debug|Win32 = Debug|Win32
		Release|Win32 = Release|Win32
	EndGlobalSection
	GlobalSection(ProjectConfigurationPlatforms) = postSolution
		{F919531E-054A-4A97-8C4B-EC14E26F62EF}.Debug|Win32.ActiveCfg = Debug|Win32
		{F919531E-054A-4A97-8C4B-EC14E26F62EF}.Debug|Win32.Build.0 = Debug|Win32
		{F919531E-054A-4A97-8C4B-EC14E26F62EF}.Release|Win32.ActiveCfg = Release|Win32
		{F919531E-054A-4A97-8C4B-EC14E26F62EF}.Release|Win32.Build.0 = Release|Win32
	EndGlobalSection
	GlobalSection(SolutionProperties) = preSolution
		HideSolutionNode = FALSE
	EndGlobalSection
EndGlobal
