<?xml version="1.0" encoding="utf-8"?>
<Project ToolsVersion="4.0" xmlns="http://schemas.microsoft.com/developer/msbuild/2003">
  <ItemGroup>
    <ClCompile Include="..\..\..\source\main.cpp" />
  </ItemGroup>
  <ItemGroup>
    <Filter Include="types">
      <UniqueIdentifier>{af859870-3f0f-4651-a30e-9e09df4c8545}</UniqueIdentifier>
    </Filter>
  </ItemGroup>
  <ItemGroup>
    <ClInclude Include="..\..\..\source\Types\std_types.h">
      <Filter>types</Filter>
    </ClInclude>
  </ItemGroup>
</Project>